{
    "version": 3,
    "terraform_version": "0.10.8",
    "serial": 38,
    "lineage": "a14682d6-b650-4ff6-8f93-6852da165164",
    "modules": [
        {
            "path": [
                "root"
            ],
            "outputs": {},
            "resources": {
                "aws_elb.main": {
                    "type": "aws_elb",
                    "depends_on": [],
                    "primary": {
                        "id": "terraform-elb",
                        "attributes": {
                            "access_logs.#": "0",
                            "availability_zones.#": "3",
                            "availability_zones.1305112097": "us-east-1b",
                            "availability_zones.2762590996": "us-east-1d",
                            "availability_zones.986537655": "us-east-1c",
                            "connection_draining": "false",
                            "connection_draining_timeout": "300",
                            "cross_zone_load_balancing": "true",
                            "dns_name": "terraform-elb-716926837.us-east-1.elb.amazonaws.com",
                            "health_check.#": "1",
                            "health_check.0.healthy_threshold": "10",
                            "health_check.0.interval": "30",
                            "health_check.0.target": "TCP:80",
                            "health_check.0.timeout": "5",
                            "health_check.0.unhealthy_threshold": "2",
                            "id": "terraform-elb",
                            "idle_timeout": "60",
                            "instances.#": "0",
                            "internal": "false",
                            "listener.#": "1",
                            "listener.3057123346.instance_port": "80",
                            "listener.3057123346.instance_protocol": "http",
                            "listener.3057123346.lb_port": "80",
                            "listener.3057123346.lb_protocol": "http",
                            "listener.3057123346.ssl_certificate_id": "",
                            "name": "terraform-elb",
                            "security_groups.#": "1",
                            "security_groups.3734260604": "sg-44451c36",
                            "source_security_group": "758967115673/default_elb_8cd86ec7-b3bd-3d5a-a290-991bf80d06b1",
                            "source_security_group_id": "sg-44451c36",
                            "subnets.#": "3",
                            "subnets.1319234782": "subnet-79c7d923",
                            "subnets.2111305403": "subnet-e5fa5dae",
                            "subnets.4075763299": "subnet-9708edb8",
                            "tags.%": "0",
                            "zone_id": "Z35SXDOTRQ7X7K"
                        },
                        "meta": {},
                        "tainted": false
                    },
                    "deposed": [],
                    "provider": ""
                },
                "aws_elb.web": {
                    "type": "aws_elb",
                    "depends_on": [
                        "aws_instance.example-1",
                        "aws_instance.example-2",
                        "aws_instance.example-3",
                        "aws_security_group.allow-ssh",
                        "aws_subnet.main-public-1",
                        "aws_subnet.main-public-2",
                        "aws_subnet.main-public-3"
                    ],
                    "primary": {
                        "id": "example-elb",
                        "attributes": {
                            "access_logs.#": "0",
                            "availability_zones.#": "3",
                            "availability_zones.1305112097": "us-east-1b",
                            "availability_zones.2762590996": "us-east-1d",
                            "availability_zones.986537655": "us-east-1c",
                            "connection_draining": "true",
                            "connection_draining_timeout": "400",
                            "cross_zone_load_balancing": "true",
                            "dns_name": "example-elb-824331184.us-east-1.elb.amazonaws.com",
                            "health_check.#": "1",
                            "health_check.0.healthy_threshold": "5",
                            "health_check.0.interval": "30",
                            "health_check.0.target": "TCP:22",
                            "health_check.0.timeout": "5",
                            "health_check.0.unhealthy_threshold": "4",
                            "id": "example-elb",
                            "idle_timeout": "400",
                            "instances.#": "3",
                            "instances.1495396583": "i-034e7172dc7f24792",
                            "instances.2700752041": "i-09526e5c963fa7182",
                            "instances.3415007818": "i-0aad876d1c3b5ac55",
                            "internal": "false",
                            "listener.#": "1",
                            "listener.3057123346.instance_port": "80",
                            "listener.3057123346.instance_protocol": "http",
                            "listener.3057123346.lb_port": "80",
                            "listener.3057123346.lb_protocol": "http",
                            "listener.3057123346.ssl_certificate_id": "",
                            "name": "example-elb",
                            "security_groups.#": "1",
                            "security_groups.2558202001": "sg-1ad18968",
                            "source_security_group": "758967115673/allow-ssh",
                            "source_security_group_id": "sg-1ad18968",
                            "subnets.#": "3",
                            "subnets.1267987650": "subnet-9c54bac1",
                            "subnets.1810457992": "subnet-a9fc4ae2",
                            "subnets.2232295301": "subnet-2ab44005",
                            "tags.%": "0",
                            "zone_id": "Z35SXDOTRQ7X7K"
                        },
                        "meta": {},
                        "tainted": false
                    },
                    "deposed": [],
                    "provider": ""
                },
                "aws_instance.example-1": {
                    "type": "aws_instance",
                    "depends_on": [
                        "aws_key_pair.mykeypair",
                        "aws_security_group.allow-ssh",
                        "aws_subnet.main-public-1"
                    ],
                    "primary": {
                        "id": "i-034e7172dc7f24792",
                        "attributes": {
                            "ami": "ami-6cd01a16",
                            "associate_public_ip_address": "true",
                            "availability_zone": "us-east-1b",
                            "disable_api_termination": "false",
                            "ebs_block_device.#": "0",
                            "ebs_optimized": "false",
                            "ephemeral_block_device.#": "0",
                            "iam_instance_profile": "",
                            "id": "i-034e7172dc7f24792",
                            "instance_state": "running",
                            "instance_type": "t2.micro",
                            "ipv6_addresses.#": "0",
                            "key_name": "mykeypair",
                            "monitoring": "false",
                            "network_interface.#": "0",
                            "network_interface_id": "eni-5335a3de",
                            "primary_network_interface_id": "eni-5335a3de",
                            "private_dns": "ip-10-0-0-50.ec2.internal",
                            "private_ip": "10.0.0.50",
                            "public_dns": "ec2-52-201-217-177.compute-1.amazonaws.com",
                            "public_ip": "52.201.217.177",
                            "root_block_device.#": "1",
                            "root_block_device.0.delete_on_termination": "true",
                            "root_block_device.0.iops": "100",
                            "root_block_device.0.volume_size": "8",
                            "root_block_device.0.volume_type": "gp2",
                            "security_groups.#": "0",
                            "source_dest_check": "true",
                            "subnet_id": "subnet-2ab44005",
                            "tags.%": "0",
                            "tenancy": "default",
                            "volume_tags.%": "0",
                            "vpc_security_group_ids.#": "1",
                            "vpc_security_group_ids.2558202001": "sg-1ad18968"
                        },
                        "meta": {
                            "e2bfb730-ecaa-11e6-8f88-34363bc7c4c0": {
                                "create": 600000000000,
                                "delete": 600000000000,
                                "update": 600000000000
                            },
                            "schema_version": "1"
                        },
                        "tainted": false
                    },
                    "deposed": [],
                    "provider": ""
                },
                "aws_instance.example-2": {
                    "type": "aws_instance",
                    "depends_on": [
                        "aws_key_pair.mykeypair",
                        "aws_security_group.allow-ssh",
                        "aws_subnet.main-public-2"
                    ],
                    "primary": {
                        "id": "i-09526e5c963fa7182",
                        "attributes": {
                            "ami": "ami-6cd01a16",
                            "associate_public_ip_address": "true",
                            "availability_zone": "us-east-1c",
                            "disable_api_termination": "false",
                            "ebs_block_device.#": "0",
                            "ebs_optimized": "false",
                            "ephemeral_block_device.#": "0",
                            "iam_instance_profile": "",
                            "id": "i-09526e5c963fa7182",
                            "instance_state": "running",
                            "instance_type": "t2.micro",
                            "ipv6_addresses.#": "0",
                            "key_name": "mykeypair",
                            "monitoring": "false",
                            "network_interface.#": "0",
                            "network_interface_id": "eni-5d36e9ed",
                            "primary_network_interface_id": "eni-5d36e9ed",
                            "private_dns": "ip-10-0-1-181.ec2.internal",
                            "private_ip": "10.0.1.181",
                            "public_dns": "ec2-34-234-73-194.compute-1.amazonaws.com",
                            "public_ip": "34.234.73.194",
                            "root_block_device.#": "1",
                            "root_block_device.0.delete_on_termination": "true",
                            "root_block_device.0.iops": "100",
                            "root_block_device.0.volume_size": "8",
                            "root_block_device.0.volume_type": "gp2",
                            "security_groups.#": "0",
                            "source_dest_check": "true",
                            "subnet_id": "subnet-a9fc4ae2",
                            "tags.%": "0",
                            "tenancy": "default",
                            "volume_tags.%": "0",
                            "vpc_security_group_ids.#": "1",
                            "vpc_security_group_ids.2558202001": "sg-1ad18968"
                        },
                        "meta": {
                            "e2bfb730-ecaa-11e6-8f88-34363bc7c4c0": {
                                "create": 600000000000,
                                "delete": 600000000000,
                                "update": 600000000000
                            },
                            "schema_version": "1"
                        },
                        "tainted": false
                    },
                    "deposed": [],
                    "provider": ""
                },
                "aws_instance.example-3": {
                    "type": "aws_instance",
                    "depends_on": [
                        "aws_key_pair.mykeypair",
                        "aws_security_group.allow-ssh",
                        "aws_subnet.main-public-3"
                    ],
                    "primary": {
                        "id": "i-0aad876d1c3b5ac55",
                        "attributes": {
                            "ami": "ami-6cd01a16",
                            "associate_public_ip_address": "true",
                            "availability_zone": "us-east-1d",
                            "disable_api_termination": "false",
                            "ebs_block_device.#": "0",
                            "ebs_optimized": "false",
                            "ephemeral_block_device.#": "0",
                            "iam_instance_profile": "",
                            "id": "i-0aad876d1c3b5ac55",
                            "instance_state": "running",
                            "instance_type": "t2.micro",
                            "ipv6_addresses.#": "0",
                            "key_name": "mykeypair",
                            "monitoring": "false",
                            "network_interface.#": "0",
                            "network_interface_id": "eni-72a393c5",
                            "primary_network_interface_id": "eni-72a393c5",
                            "private_dns": "ip-10-0-3-58.ec2.internal",
                            "private_ip": "10.0.3.58",
                            "public_dns": "ec2-54-175-102-216.compute-1.amazonaws.com",
                            "public_ip": "54.175.102.216",
                            "root_block_device.#": "1",
                            "root_block_device.0.delete_on_termination": "true",
                            "root_block_device.0.iops": "100",
                            "root_block_device.0.volume_size": "8",
                            "root_block_device.0.volume_type": "gp2",
                            "security_groups.#": "0",
                            "source_dest_check": "true",
                            "subnet_id": "subnet-9c54bac1",
                            "tags.%": "0",
                            "tenancy": "default",
                            "volume_tags.%": "0",
                            "vpc_security_group_ids.#": "1",
                            "vpc_security_group_ids.2558202001": "sg-1ad18968"
                        },
                        "meta": {
                            "e2bfb730-ecaa-11e6-8f88-34363bc7c4c0": {
                                "create": 600000000000,
                                "delete": 600000000000,
                                "update": 600000000000
                            },
                            "schema_version": "1"
                        },
                        "tainted": false
                    },
                    "deposed": [],
                    "provider": ""
                },
                "aws_internet_gateway.main-gw": {
                    "type": "aws_internet_gateway",
                    "depends_on": [
                        "aws_vpc.main"
                    ],
                    "primary": {
                        "id": "igw-4dbf0e34",
                        "attributes": {
                            "id": "igw-4dbf0e34",
                            "tags.%": "1",
                            "tags.Name": "main",
                            "vpc_id": "vpc-0b2d8073"
                        },
                        "meta": {},
                        "tainted": false
                    },
                    "deposed": [],
                    "provider": ""
                },
                "aws_key_pair.mykeypair": {
                    "type": "aws_key_pair",
                    "depends_on": [],
                    "primary": {
                        "id": "mykeypair",
                        "attributes": {
                            "id": "mykeypair",
                            "key_name": "mykeypair",
                            "public_key": "ssh-rsa AAAAB3NzaC1yc2EAAAADAQABAAABAQDL2X/cDb4hvy9ockzQnN6CnJadWf+zxB8ha1D2w83PNf9rYA2HFuwAsapxobrc6THp2KBXSkihcuwGyydHVaKApFMpCdQFgGKXLUlyFkMnr8yR8zJAbsX09OvgmeynLgLT1lAHKMUW94jqWf03lOMmPP0H7asYu0xbQjA2fGM/qUgjpcFPO+Ju/rTWlJp5H6BBiNvRrNNvNHZQuPCaBWqeQq/ChnxPOhWOtdfUTJjGbwdBvRY331Qq4SBbjypaVUem06l3G3sQv4DhQWz0J0C036U6hY4gk5lhmwFgGoqawQ88dxRxGAy2/Q48xE8HZ/TcPO+XBEL8bO26ihEV29mX root@ip-172-31-85-115"
                        },
                        "meta": {
                            "schema_version": "1"
                        },
                        "tainted": false
                    },
                    "deposed": [],
                    "provider": ""
                },
                "aws_lb_cookie_stickiness_policy.default": {
                    "type": "aws_lb_cookie_stickiness_policy",
                    "depends_on": [
                        "aws_elb.web"
                    ],
                    "primary": {
                        "id": "example-elb:80:lbpolicy",
                        "attributes": {
                            "cookie_expiration_period": "600",
                            "id": "example-elb:80:lbpolicy",
                            "lb_port": "80",
                            "load_balancer": "example-elb",
                            "name": "lbpolicy"
                        },
                        "meta": {},
                        "tainted": false
                    },
                    "deposed": [],
                    "provider": ""
                },
                "aws_route53_record.www": {
                    "type": "aws_route53_record",
                    "depends_on": [
                        "aws_route53_zone.main"
                    ],
                    "primary": {
                        "id": "Z2QNLCW29QG5J_nihar.ga_NS",
                        "attributes": {
                            "fqdn": "nihar.ga",
                            "health_check_id": "",
                            "id": "Z2QNLCW29QG5J_nihar.ga_NS",
                            "name": "nihar.ga",
                            "records.#": "4",
                            "records.2350521785": "NS01.FREENOM.COM",
                            "records.2436214442": "NS04.FREENOM.COM",
                            "records.3964053746": "NS03.FREENOM.COM",
                            "records.835744119": "NS02.FREENOM.COM",
                            "set_identifier": "",
                            "ttl": "30",
                            "type": "NS",
                            "zone_id": "Z2QNLCW29QG5J"
                        },
                        "meta": {
                            "schema_version": "2"
                        },
                        "tainted": false
                    },
                    "deposed": [],
                    "provider": ""
                },
                "aws_route53_zone.main": {
                    "type": "aws_route53_zone",
                    "depends_on": [],
                    "primary": {
                        "id": "Z2QNLCW29QG5J",
                        "attributes": {
                            "comment": "Managed by Terraform",
                            "force_destroy": "false",
                            "id": "Z2QNLCW29QG5J",
                            "name": "nihar.ga",
                            "name_servers.#": "4",
                            "name_servers.0": "ns-1077.awsdns-06.org",
                            "name_servers.1": "ns-1843.awsdns-38.co.uk",
                            "name_servers.2": "ns-315.awsdns-39.com",
                            "name_servers.3": "ns-528.awsdns-02.net",
                            "tags.%": "0",
                            "zone_id": "Z2QNLCW29QG5J"
                        },
                        "meta": {},
                        "tainted": false
                    },
                    "deposed": [],
                    "provider": ""
                },
                "aws_route_table.main-public-1": {
                    "type": "aws_route_table",
                    "depends_on": [
                        "aws_internet_gateway.main-gw",
                        "aws_vpc.main"
                    ],
                    "primary": {
                        "id": "rtb-1a4c0c60",
                        "attributes": {
                            "id": "rtb-1a4c0c60",
                            "propagating_vgws.#": "0",
                            "route.#": "1",
                            "route.3007341133.cidr_block": "0.0.0.0/0",
                            "route.3007341133.egress_only_gateway_id": "",
                            "route.3007341133.gateway_id": "igw-4dbf0e34",
                            "route.3007341133.instance_id": "",
                            "route.3007341133.ipv6_cidr_block": "",
                            "route.3007341133.nat_gateway_id": "",
                            "route.3007341133.network_interface_id": "",
                            "route.3007341133.vpc_peering_connection_id": "",
                            "tags.%": "1",
                            "tags.Name": "main-public-1",
                            "vpc_id": "vpc-0b2d8073"
                        },
                        "meta": {},
                        "tainted": false
                    },
                    "deposed": [],
                    "provider": ""
                },
                "aws_route_table.main-public-2": {
                    "type": "aws_route_table",
                    "depends_on": [
                        "aws_internet_gateway.main-gw",
                        "aws_vpc.main"
                    ],
                    "primary": {
                        "id": "rtb-2a490950",
                        "attributes": {
                            "id": "rtb-2a490950",
                            "propagating_vgws.#": "0",
                            "route.#": "1",
                            "route.3007341133.cidr_block": "0.0.0.0/0",
                            "route.3007341133.egress_only_gateway_id": "",
                            "route.3007341133.gateway_id": "igw-4dbf0e34",
                            "route.3007341133.instance_id": "",
                            "route.3007341133.ipv6_cidr_block": "",
                            "route.3007341133.nat_gateway_id": "",
                            "route.3007341133.network_interface_id": "",
                            "route.3007341133.vpc_peering_connection_id": "",
                            "tags.%": "1",
                            "tags.Name": "main-public-2",
                            "vpc_id": "vpc-0b2d8073"
                        },
                        "meta": {},
                        "tainted": false
                    },
                    "deposed": [],
                    "provider": ""
                },
                "aws_route_table.main-public-3": {
                    "type": "aws_route_table",
                    "depends_on": [
                        "aws_internet_gateway.main-gw",
                        "aws_vpc.main"
                    ],
                    "primary": {
                        "id": "rtb-d14404ab",
                        "attributes": {
                            "id": "rtb-d14404ab",
                            "propagating_vgws.#": "0",
                            "route.#": "1",
                            "route.3007341133.cidr_block": "0.0.0.0/0",
                            "route.3007341133.egress_only_gateway_id": "",
                            "route.3007341133.gateway_id": "igw-4dbf0e34",
                            "route.3007341133.instance_id": "",
                            "route.3007341133.ipv6_cidr_block": "",
                            "route.3007341133.nat_gateway_id": "",
                            "route.3007341133.network_interface_id": "",
                            "route.3007341133.vpc_peering_connection_id": "",
                            "tags.%": "1",
                            "tags.Name": "main-public-3",
                            "vpc_id": "vpc-0b2d8073"
                        },
                        "meta": {},
                        "tainted": false
                    },
                    "deposed": [],
                    "provider": ""
                },
                "aws_route_table_association.main-public-1": {
                    "type": "aws_route_table_association",
                    "depends_on": [
                        "aws_route_table.main-public-1",
                        "aws_subnet.main-public-1"
                    ],
                    "primary": {
                        "id": "rtbassoc-b3f75bce",
                        "attributes": {
                            "id": "rtbassoc-b3f75bce",
                            "route_table_id": "rtb-1a4c0c60",
                            "subnet_id": "subnet-2ab44005"
                        },
                        "meta": {},
                        "tainted": false
                    },
                    "deposed": [],
                    "provider": ""
                },
                "aws_route_table_association.main-public-2": {
                    "type": "aws_route_table_association",
                    "depends_on": [
                        "aws_route_table.main-public-2",
                        "aws_subnet.main-public-2"
                    ],
                    "primary": {
                        "id": "rtbassoc-b0f75bcd",
                        "attributes": {
                            "id": "rtbassoc-b0f75bcd",
                            "route_table_id": "rtb-2a490950",
                            "subnet_id": "subnet-a9fc4ae2"
                        },
                        "meta": {},
                        "tainted": false
                    },
                    "deposed": [],
                    "provider": ""
                },
                "aws_route_table_association.main-public-3": {
                    "type": "aws_route_table_association",
                    "depends_on": [
                        "aws_route_table.main-public-3",
                        "aws_subnet.main-public-3"
                    ],
                    "primary": {
                        "id": "rtbassoc-0ef75b73",
                        "attributes": {
                            "id": "rtbassoc-0ef75b73",
                            "route_table_id": "rtb-d14404ab",
                            "subnet_id": "subnet-9c54bac1"
                        },
                        "meta": {},
                        "tainted": false
                    },
                    "deposed": [],
                    "provider": ""
                },
                "aws_security_group.allow-ssh": {
                    "type": "aws_security_group",
                    "depends_on": [
                        "aws_vpc.main"
                    ],
                    "primary": {
                        "id": "sg-1ad18968",
                        "attributes": {
                            "description": "security group that allows ssh and all egress traffic",
                            "egress.#": "1",
                            "egress.482069346.cidr_blocks.#": "1",
                            "egress.482069346.cidr_blocks.0": "0.0.0.0/0",
                            "egress.482069346.description": "",
                            "egress.482069346.from_port": "0",
                            "egress.482069346.ipv6_cidr_blocks.#": "0",
                            "egress.482069346.prefix_list_ids.#": "0",
                            "egress.482069346.protocol": "-1",
                            "egress.482069346.security_groups.#": "0",
                            "egress.482069346.self": "false",
                            "egress.482069346.to_port": "0",
                            "id": "sg-1ad18968",
                            "ingress.#": "1",
                            "ingress.482069346.cidr_blocks.#": "1",
                            "ingress.482069346.cidr_blocks.0": "0.0.0.0/0",
                            "ingress.482069346.description": "",
                            "ingress.482069346.from_port": "0",
                            "ingress.482069346.ipv6_cidr_blocks.#": "0",
                            "ingress.482069346.protocol": "-1",
                            "ingress.482069346.security_groups.#": "0",
                            "ingress.482069346.self": "false",
                            "ingress.482069346.to_port": "0",
                            "name": "allow-ssh",
                            "owner_id": "758967115673",
                            "tags.%": "1",
                            "tags.Name": "allow-ssh",
                            "vpc_id": "vpc-0b2d8073"
                        },
                        "meta": {},
                        "tainted": false
                    },
                    "deposed": [],
                    "provider": ""
                },
                "aws_subnet.main-private-1": {
                    "type": "aws_subnet",
                    "depends_on": [
                        "aws_vpc.main"
                    ],
                    "primary": {
                        "id": "subnet-5fbe4a70",
                        "attributes": {
                            "assign_ipv6_address_on_creation": "false",
                            "availability_zone": "us-east-1b",
                            "cidr_block": "10.0.4.0/24",
                            "id": "subnet-5fbe4a70",
                            "map_public_ip_on_launch": "false",
                            "tags.%": "1",
                            "tags.Name": "main-private-1",
                            "vpc_id": "vpc-0b2d8073"
                        },
                        "meta": {
                            "schema_version": "1"
                        },
                        "tainted": false
                    },
                    "deposed": [],
                    "provider": ""
                },
                "aws_subnet.main-private-2": {
                    "type": "aws_subnet",
                    "depends_on": [
                        "aws_vpc.main"
                    ],
                    "primary": {
                        "id": "subnet-0cff4947",
                        "attributes": {
                            "assign_ipv6_address_on_creation": "false",
                            "availability_zone": "us-east-1c",
                            "cidr_block": "10.0.5.0/24",
                            "id": "subnet-0cff4947",
                            "map_public_ip_on_launch": "false",
                            "tags.%": "1",
                            "tags.Name": "main-private-2",
                            "vpc_id": "vpc-0b2d8073"
                        },
                        "meta": {
                            "schema_version": "1"
                        },
                        "tainted": false
                    },
                    "deposed": [],
                    "provider": ""
                },
                "aws_subnet.main-private-3": {
                    "type": "aws_subnet",
                    "depends_on": [
                        "aws_vpc.main"
                    ],
                    "primary": {
                        "id": "subnet-8056b8dd",
                        "attributes": {
                            "assign_ipv6_address_on_creation": "false",
                            "availability_zone": "us-east-1d",
                            "cidr_block": "10.0.6.0/24",
                            "id": "subnet-8056b8dd",
                            "map_public_ip_on_launch": "false",
                            "tags.%": "1",
                            "tags.Name": "main-private-3",
                            "vpc_id": "vpc-0b2d8073"
                        },
                        "meta": {
                            "schema_version": "1"
                        },
                        "tainted": false
                    },
                    "deposed": [],
                    "provider": ""
                },
                "aws_subnet.main-public-1": {
                    "type": "aws_subnet",
                    "depends_on": [
                        "aws_vpc.main"
                    ],
                    "primary": {
                        "id": "subnet-2ab44005",
                        "attributes": {
                            "assign_ipv6_address_on_creation": "false",
                            "availability_zone": "us-east-1b",
                            "cidr_block": "10.0.0.0/24",
                            "id": "subnet-2ab44005",
                            "map_public_ip_on_launch": "true",
                            "tags.%": "1",
                            "tags.Name": "main-public-1",
                            "vpc_id": "vpc-0b2d8073"
                        },
                        "meta": {
                            "schema_version": "1"
                        },
                        "tainted": false
                    },
                    "deposed": [],
                    "provider": ""
                },
                "aws_subnet.main-public-2": {
                    "type": "aws_subnet",
                    "depends_on": [
                        "aws_vpc.main"
                    ],
                    "primary": {
                        "id": "subnet-a9fc4ae2",
                        "attributes": {
                            "assign_ipv6_address_on_creation": "false",
                            "availability_zone": "us-east-1c",
                            "cidr_block": "10.0.1.0/24",
                            "id": "subnet-a9fc4ae2",
                            "map_public_ip_on_launch": "true",
                            "tags.%": "1",
                            "tags.Name": "main-public-2",
                            "vpc_id": "vpc-0b2d8073"
                        },
                        "meta": {
                            "schema_version": "1"
                        },
                        "tainted": false
                    },
                    "deposed": [],
                    "provider": ""
                },
                "aws_subnet.main-public-3": {
                    "type": "aws_subnet",
                    "depends_on": [
                        "aws_vpc.main"
                    ],
                    "primary": {
                        "id": "subnet-9c54bac1",
                        "attributes": {
                            "assign_ipv6_address_on_creation": "false",
                            "availability_zone": "us-east-1d",
                            "cidr_block": "10.0.3.0/24",
                            "id": "subnet-9c54bac1",
                            "map_public_ip_on_launch": "true",
                            "tags.%": "1",
                            "tags.Name": "main-public-3",
                            "vpc_id": "vpc-0b2d8073"
                        },
                        "meta": {
                            "schema_version": "1"
                        },
                        "tainted": false
                    },
                    "deposed": [],
                    "provider": ""
                },
                "aws_vpc.main": {
                    "type": "aws_vpc",
                    "depends_on": [],
                    "primary": {
                        "id": "vpc-0b2d8073",
                        "attributes": {
                            "assign_generated_ipv6_cidr_block": "false",
                            "cidr_block": "10.0.0.0/16",
                            "default_network_acl_id": "acl-29496951",
                            "default_route_table_id": "rtb-5a4d0d20",
                            "default_security_group_id": "sg-bed189cc",
                            "dhcp_options_id": "dopt-a6ed51df",
                            "enable_classiclink": "false",
                            "enable_classiclink_dns_support": "false",
                            "enable_dns_hostnames": "true",
                            "enable_dns_support": "true",
                            "id": "vpc-0b2d8073",
                            "instance_tenancy": "default",
                            "main_route_table_id": "rtb-5a4d0d20",
                            "tags.%": "1",
                            "tags.Name": "main"
                        },
                        "meta": {
                            "schema_version": "1"
                        },
                        "tainted": false
                    },
                    "deposed": [],
                    "provider": ""
                },
                "template_file.user_data": {
                    "type": "template_file",
                    "depends_on": [],
                    "primary": {
                        "id": "7a271d5af83ade583f43a637ad86da94863fd79f78ea7e3abec9d4a43caa6d2f",
                        "attributes": {
                            "id": "7a271d5af83ade583f43a637ad86da94863fd79f78ea7e3abec9d4a43caa6d2f",
                            "rendered": "app.tpl",
                            "template": "app.tpl",
                            "vars.%": "1",
                            "vars.cluster": "apache2"
                        },
                        "meta": {},
                        "tainted": false
                    },
                    "deposed": [],
                    "provider": ""
                }
            },
            "depends_on": []
        }
    ]
}
